
Microsoft Visual Studio Solution File, Format Version 12.00
# Visual Studio Version 16
VisualStudioVersion = 16.0.30503.244
MinimumVisualStudioVersion = 10.0.40219.1
Project("{2150E333-8FDC-42A3-9474-1A3956D46DE8}") = "Domain", "Domain", "{8B8494C2-3B0D-4775-ACD6-D5C4F04594C8}"
EndProject
Project("{2150E333-8FDC-42A3-9474-1A3956D46DE8}") = "Microservices", "Microservices", "{7E3F9323-673C-44F1-8AB5-16C4B36C85E7}"
EndProject
Project("{2150E333-8FDC-42A3-9474-1A3956D46DE8}") = "Infra.Bus", "Infra.Bus", "{A47DDF58-AABF-4E7F-AEB7-728F38604DF3}"
EndProject
Project("{2150E333-8FDC-42A3-9474-1A3956D46DE8}") = "Infra.IoC", "Infra.IoC", "{ACC1F57A-B04B-49D4-ADD2-F91EB15B6CB0}"
EndProject
Project("{2150E333-8FDC-42A3-9474-1A3956D46DE8}") = "Presentation", "Presentation", "{FA5BEC12-25BD-4DA6-888B-AEB90944FE8A}"
EndProject
Project("{9A19103F-16F7-4668-BE54-9A1E7A4F7556}") = "MicroRabbit.Domain.Core", "MicroRabbit.Domain.Core\MicroRabbit.Domain.Core.csproj", "{D9F2031E-4DA7-4DB7-98DB-75B07D37C4D8}"
EndProject
Project("{9A19103F-16F7-4668-BE54-9A1E7A4F7556}") = "MicroRabbit.Infra.Bus", "MicroRabbit.Infra.Bus\MicroRabbit.Infra.Bus.csproj", "{E426BF8D-CB12-42CE-8BAC-5E5D51646308}"
EndProject
Project("{FAE04EC0-301F-11D3-BF4B-00C04F79EFBC}") = "MicroRabbit.Infra.IoC", "MicroRabbit.Infra.IoC\MicroRabbit.Infra.IoC.csproj", "{404C0E68-1738-4F2B-857B-B51D7945696D}"
EndProject
Project("{2150E333-8FDC-42A3-9474-1A3956D46DE8}") = "Banking", "Banking", "{44CD8AA9-19EA-4DC0-AE40-DB82E2647DC3}"
EndProject
Project("{2150E333-8FDC-42A3-9474-1A3956D46DE8}") = "Api", "Api", "{D6F35E20-E0D9-4EF7-B3C8-FFC41BF3FE01}"
EndProject
Project("{2150E333-8FDC-42A3-9474-1A3956D46DE8}") = "Application", "Application", "{701DB407-95D8-427C-A6DE-49144AEB4690}"
EndProject
Project("{2150E333-8FDC-42A3-9474-1A3956D46DE8}") = "Domain", "Domain", "{2C58FB6F-1ECD-4B61-A386-0F212727651C}"
EndProject
Project("{2150E333-8FDC-42A3-9474-1A3956D46DE8}") = "Data", "Data", "{ACC9313E-C865-4467-B153-686D1A10B57D}"
EndProject
Project("{FAE04EC0-301F-11D3-BF4B-00C04F79EFBC}") = "MicroRabbit.Banking.Api", "MicroRabbit.Banking.Api\MicroRabbit.Banking.Api.csproj", "{E9C37EDD-A441-4054-ADC1-DB350904FD90}"
EndProject
Project("{FAE04EC0-301F-11D3-BF4B-00C04F79EFBC}") = "MicroRabbit.Banking.Application", "MicroRabbit.Banking.Application\MicroRabbit.Banking.Application.csproj", "{6DA7BFD2-00FD-4FCF-A312-40D809CA3259}"
EndProject
Project("{FAE04EC0-301F-11D3-BF4B-00C04F79EFBC}") = "MicroRabbit.Banking.Data", "MicroRabbit.Banking.Data\MicroRabbit.Banking.Data.csproj", "{9D33F80D-08DB-42A3-84A0-0F0159217B58}"
EndProject
Project("{FAE04EC0-301F-11D3-BF4B-00C04F79EFBC}") = "MicroRabbit.Banking.Domain", "MicroRabbit.Banking.Domain\MicroRabbit.Banking.Domain.csproj", "{67593678-D431-4D58-A008-A7CE3E64A220}"
EndProject
Global
	GlobalSection(SolutionConfigurationPlatforms) = preSolution
		Debug|Any CPU = Debug|Any CPU
		Release|Any CPU = Release|Any CPU
	EndGlobalSection
	GlobalSection(ProjectConfigurationPlatforms) = postSolution
		{D9F2031E-4DA7-4DB7-98DB-75B07D37C4D8}.Debug|Any CPU.ActiveCfg = Debug|Any CPU
		{D9F2031E-4DA7-4DB7-98DB-75B07D37C4D8}.Debug|Any CPU.Build.0 = Debug|Any CPU
		{D9F2031E-4DA7-4DB7-98DB-75B07D37C4D8}.Release|Any CPU.ActiveCfg = Release|Any CPU
		{D9F2031E-4DA7-4DB7-98DB-75B07D37C4D8}.Release|Any CPU.Build.0 = Release|Any CPU
		{E426BF8D-CB12-42CE-8BAC-5E5D51646308}.Debug|Any CPU.ActiveCfg = Debug|Any CPU
		{E426BF8D-CB12-42CE-8BAC-5E5D51646308}.Debug|Any CPU.Build.0 = Debug|Any CPU
		{E426BF8D-CB12-42CE-8BAC-5E5D51646308}.Release|Any CPU.ActiveCfg = Release|Any CPU
		{E426BF8D-CB12-42CE-8BAC-5E5D51646308}.Release|Any CPU.Build.0 = Release|Any CPU
		{404C0E68-1738-4F2B-857B-B51D7945696D}.Debug|Any CPU.ActiveCfg = Debug|Any CPU
		{404C0E68-1738-4F2B-857B-B51D7945696D}.Debug|Any CPU.Build.0 = Debug|Any CPU
		{404C0E68-1738-4F2B-857B-B51D7945696D}.Release|Any CPU.ActiveCfg = Release|Any CPU
		{404C0E68-1738-4F2B-857B-B51D7945696D}.Release|Any CPU.Build.0 = Release|Any CPU
		{E9C37EDD-A441-4054-ADC1-DB350904FD90}.Debug|Any CPU.ActiveCfg = Debug|Any CPU
		{E9C37EDD-A441-4054-ADC1-DB350904FD90}.Debug|Any CPU.Build.0 = Debug|Any CPU
		{E9C37EDD-A441-4054-ADC1-DB350904FD90}.Release|Any CPU.ActiveCfg = Release|Any CPU
		{E9C37EDD-A441-4054-ADC1-DB350904FD90}.Release|Any CPU.Build.0 = Release|Any CPU
		{6DA7BFD2-00FD-4FCF-A312-40D809CA3259}.Debug|Any CPU.ActiveCfg = Debug|Any CPU
		{6DA7BFD2-00FD-4FCF-A312-40D809CA3259}.Debug|Any CPU.Build.0 = Debug|Any CPU
		{6DA7BFD2-00FD-4FCF-A312-40D809CA3259}.Release|Any CPU.ActiveCfg = Release|Any CPU
		{6DA7BFD2-00FD-4FCF-A312-40D809CA3259}.Release|Any CPU.Build.0 = Release|Any CPU
		{9D33F80D-08DB-42A3-84A0-0F0159217B58}.Debug|Any CPU.ActiveCfg = Debug|Any CPU
		{9D33F80D-08DB-42A3-84A0-0F0159217B58}.Debug|Any CPU.Build.0 = Debug|Any CPU
		{9D33F80D-08DB-42A3-84A0-0F0159217B58}.Release|Any CPU.ActiveCfg = Release|Any CPU
		{9D33F80D-08DB-42A3-84A0-0F0159217B58}.Release|Any CPU.Build.0 = Release|Any CPU
		{67593678-D431-4D58-A008-A7CE3E64A220}.Debug|Any CPU.ActiveCfg = Debug|Any CPU
		{67593678-D431-4D58-A008-A7CE3E64A220}.Debug|Any CPU.Build.0 = Debug|Any CPU
		{67593678-D431-4D58-A008-A7CE3E64A220}.Release|Any CPU.ActiveCfg = Release|Any CPU
		{67593678-D431-4D58-A008-A7CE3E64A220}.Release|Any CPU.Build.0 = Release|Any CPU
	EndGlobalSection
	GlobalSection(SolutionProperties) = preSolution
		HideSolutionNode = FALSE
	EndGlobalSection
	GlobalSection(NestedProjects) = preSolution
		{D9F2031E-4DA7-4DB7-98DB-75B07D37C4D8} = {8B8494C2-3B0D-4775-ACD6-D5C4F04594C8}
		{E426BF8D-CB12-42CE-8BAC-5E5D51646308} = {A47DDF58-AABF-4E7F-AEB7-728F38604DF3}
		{404C0E68-1738-4F2B-857B-B51D7945696D} = {ACC1F57A-B04B-49D4-ADD2-F91EB15B6CB0}
		{44CD8AA9-19EA-4DC0-AE40-DB82E2647DC3} = {7E3F9323-673C-44F1-8AB5-16C4B36C85E7}
		{D6F35E20-E0D9-4EF7-B3C8-FFC41BF3FE01} = {44CD8AA9-19EA-4DC0-AE40-DB82E2647DC3}
		{701DB407-95D8-427C-A6DE-49144AEB4690} = {44CD8AA9-19EA-4DC0-AE40-DB82E2647DC3}
		{2C58FB6F-1ECD-4B61-A386-0F212727651C} = {44CD8AA9-19EA-4DC0-AE40-DB82E2647DC3}
		{ACC9313E-C865-4467-B153-686D1A10B57D} = {44CD8AA9-19EA-4DC0-AE40-DB82E2647DC3}
		{E9C37EDD-A441-4054-ADC1-DB350904FD90} = {D6F35E20-E0D9-4EF7-B3C8-FFC41BF3FE01}
		{6DA7BFD2-00FD-4FCF-A312-40D809CA3259} = {701DB407-95D8-427C-A6DE-49144AEB4690}
		{9D33F80D-08DB-42A3-84A0-0F0159217B58} = {ACC9313E-C865-4467-B153-686D1A10B57D}
		{67593678-D431-4D58-A008-A7CE3E64A220} = {2C58FB6F-1ECD-4B61-A386-0F212727651C}
	EndGlobalSection
	GlobalSection(ExtensibilityGlobals) = postSolution
		SolutionGuid = {20985993-3755-4601-9976-A7526239276F}
	EndGlobalSection
EndGlobal
