
Microsoft Visual Studio Solution File, Format Version 12.00
# Visual Studio Version 16
VisualStudioVersion = 16.0.30503.244
MinimumVisualStudioVersion = 10.0.40219.1
Project("{2150E333-8FDC-42A3-9474-1A3956D46DE8}") = "Domain", "Domain", "{8B8494C2-3B0D-4775-ACD6-D5C4F04594C8}"
EndProject
Project("{2150E333-8FDC-42A3-9474-1A3956D46DE8}") = "Microservices", "Microservices", "{7E3F9323-673C-44F1-8AB5-16C4B36C85E7}"
EndProject
Project("{2150E333-8FDC-42A3-9474-1A3956D46DE8}") = "Infra.Bus", "Infra.Bus", "{A47DDF58-AABF-4E7F-AEB7-728F38604DF3}"
EndProject
Project("{2150E333-8FDC-42A3-9474-1A3956D46DE8}") = "Infra.IoC", "Infra.IoC", "{ACC1F57A-B04B-49D4-ADD2-F91EB15B6CB0}"
EndProject
Project("{2150E333-8FDC-42A3-9474-1A3956D46DE8}") = "Presentation", "Presentation", "{FA5BEC12-25BD-4DA6-888B-AEB90944FE8A}"
EndProject
Project("{9A19103F-16F7-4668-BE54-9A1E7A4F7556}") = "MicroRabbit.Domain.Core", "MicroRabbit.Domain.Core\MicroRabbit.Domain.Core.csproj", "{D9F2031E-4DA7-4DB7-98DB-75B07D37C4D8}"
EndProject
Project("{9A19103F-16F7-4668-BE54-9A1E7A4F7556}") = "MicroRabbit.Infra.Bus", "MicroRabbit.Infra.Bus\MicroRabbit.Infra.Bus.csproj", "{E426BF8D-CB12-42CE-8BAC-5E5D51646308}"
EndProject
Project("{FAE04EC0-301F-11D3-BF4B-00C04F79EFBC}") = "MicroRabbit.Infra.IoC", "MicroRabbit.Infra.IoC\MicroRabbit.Infra.IoC.csproj", "{404C0E68-1738-4F2B-857B-B51D7945696D}"
EndProject
Global
	GlobalSection(SolutionConfigurationPlatforms) = preSolution
		Debug|Any CPU = Debug|Any CPU
		Release|Any CPU = Release|Any CPU
	EndGlobalSection
	GlobalSection(ProjectConfigurationPlatforms) = postSolution
		{D9F2031E-4DA7-4DB7-98DB-75B07D37C4D8}.Debug|Any CPU.ActiveCfg = Debug|Any CPU
		{D9F2031E-4DA7-4DB7-98DB-75B07D37C4D8}.Debug|Any CPU.Build.0 = Debug|Any CPU
		{D9F2031E-4DA7-4DB7-98DB-75B07D37C4D8}.Release|Any CPU.ActiveCfg = Release|Any CPU
		{D9F2031E-4DA7-4DB7-98DB-75B07D37C4D8}.Release|Any CPU.Build.0 = Release|Any CPU
		{E426BF8D-CB12-42CE-8BAC-5E5D51646308}.Debug|Any CPU.ActiveCfg = Debug|Any CPU
		{E426BF8D-CB12-42CE-8BAC-5E5D51646308}.Debug|Any CPU.Build.0 = Debug|Any CPU
		{E426BF8D-CB12-42CE-8BAC-5E5D51646308}.Release|Any CPU.ActiveCfg = Release|Any CPU
		{E426BF8D-CB12-42CE-8BAC-5E5D51646308}.Release|Any CPU.Build.0 = Release|Any CPU
		{404C0E68-1738-4F2B-857B-B51D7945696D}.Debug|Any CPU.ActiveCfg = Debug|Any CPU
		{404C0E68-1738-4F2B-857B-B51D7945696D}.Debug|Any CPU.Build.0 = Debug|Any CPU
		{404C0E68-1738-4F2B-857B-B51D7945696D}.Release|Any CPU.ActiveCfg = Release|Any CPU
		{404C0E68-1738-4F2B-857B-B51D7945696D}.Release|Any CPU.Build.0 = Release|Any CPU
	EndGlobalSection
	GlobalSection(SolutionProperties) = preSolution
		HideSolutionNode = FALSE
	EndGlobalSection
	GlobalSection(NestedProjects) = preSolution
		{D9F2031E-4DA7-4DB7-98DB-75B07D37C4D8} = {8B8494C2-3B0D-4775-ACD6-D5C4F04594C8}
		{E426BF8D-CB12-42CE-8BAC-5E5D51646308} = {A47DDF58-AABF-4E7F-AEB7-728F38604DF3}
		{404C0E68-1738-4F2B-857B-B51D7945696D} = {ACC1F57A-B04B-49D4-ADD2-F91EB15B6CB0}
	EndGlobalSection
	GlobalSection(ExtensibilityGlobals) = postSolution
		SolutionGuid = {20985993-3755-4601-9976-A7526239276F}
	EndGlobalSection
EndGlobal
